
Microsoft Visual Studio Solution File, Format Version 12.00
# Visual Studio Version 17
VisualStudioVersion = 17.10.34928.147
MinimumVisualStudioVersion = 10.0.40219.1
Project("{FAE04EC0-301F-11D3-BF4B-00C04F79EFBC}") = "Template.Project.UI", "Template.Project.UI\Template.Project.UI.csproj", "{D9DEBF0D-CF62-4C09-B0CC-EE3C318D3544}"
EndProject
Project("{FAE04EC0-301F-11D3-BF4B-00C04F79EFBC}") = "Template.Project.Controller", "Template.Project.Controller\Template.Project.Controller.csproj", "{5CC85DB6-36C1-4CFF-8F1C-C1A3ADC5C249}"
EndProject
Project("{FAE04EC0-301F-11D3-BF4B-00C04F79EFBC}") = "Template.Project.Model", "Template.Project.Model\Template.Project.Model.csproj", "{9667FC9A-B443-4B79-9829-B091981981D7}"
EndProject
Project("{FAE04EC0-301F-11D3-BF4B-00C04F79EFBC}") = "Template.Project.Repository", "Template.Project.Repository\Template.Project.Repository.csproj", "{FBA8E9F0-D8CA-40B9-9459-4F905BCC76ED}"
EndProject
Global
	GlobalSection(SolutionConfigurationPlatforms) = preSolution
		Debug|Any CPU = Debug|Any CPU
		Release|Any CPU = Release|Any CPU
	EndGlobalSection
	GlobalSection(ProjectConfigurationPlatforms) = postSolution
		{D9DEBF0D-CF62-4C09-B0CC-EE3C318D3544}.Debug|Any CPU.ActiveCfg = Debug|Any CPU
		{D9DEBF0D-CF62-4C09-B0CC-EE3C318D3544}.Debug|Any CPU.Build.0 = Debug|Any CPU
		{D9DEBF0D-CF62-4C09-B0CC-EE3C318D3544}.Release|Any CPU.ActiveCfg = Release|Any CPU
		{D9DEBF0D-CF62-4C09-B0CC-EE3C318D3544}.Release|Any CPU.Build.0 = Release|Any CPU
		{5CC85DB6-36C1-4CFF-8F1C-C1A3ADC5C249}.Debug|Any CPU.ActiveCfg = Debug|Any CPU
		{5CC85DB6-36C1-4CFF-8F1C-C1A3ADC5C249}.Debug|Any CPU.Build.0 = Debug|Any CPU
		{5CC85DB6-36C1-4CFF-8F1C-C1A3ADC5C249}.Release|Any CPU.ActiveCfg = Release|Any CPU
		{5CC85DB6-36C1-4CFF-8F1C-C1A3ADC5C249}.Release|Any CPU.Build.0 = Release|Any CPU
		{9667FC9A-B443-4B79-9829-B091981981D7}.Debug|Any CPU.ActiveCfg = Debug|Any CPU
		{9667FC9A-B443-4B79-9829-B091981981D7}.Debug|Any CPU.Build.0 = Debug|Any CPU
		{9667FC9A-B443-4B79-9829-B091981981D7}.Release|Any CPU.ActiveCfg = Release|Any CPU
		{9667FC9A-B443-4B79-9829-B091981981D7}.Release|Any CPU.Build.0 = Release|Any CPU
		{FBA8E9F0-D8CA-40B9-9459-4F905BCC76ED}.Debug|Any CPU.ActiveCfg = Debug|Any CPU
		{FBA8E9F0-D8CA-40B9-9459-4F905BCC76ED}.Debug|Any CPU.Build.0 = Debug|Any CPU
		{FBA8E9F0-D8CA-40B9-9459-4F905BCC76ED}.Release|Any CPU.ActiveCfg = Release|Any CPU
		{FBA8E9F0-D8CA-40B9-9459-4F905BCC76ED}.Release|Any CPU.Build.0 = Release|Any CPU
	EndGlobalSection
	GlobalSection(SolutionProperties) = preSolution
		HideSolutionNode = FALSE
	EndGlobalSection
	GlobalSection(ExtensibilityGlobals) = postSolution
		SolutionGuid = {391894E0-BB5A-44BA-8F8A-3A4E37BE7DED}
	EndGlobalSection
EndGlobal
